
Microsoft Visual Studio Solution File, Format Version 12.00
# Visual Studio Version 17
VisualStudioVersion = 17.11.35312.102
MinimumVisualStudioVersion = 10.0.40219.1
Project("{FAE04EC0-301F-11D3-BF4B-00C04F79EFBC}") = "Mysqldemo", "Mysqldemo\Mysqldemo.csproj", "{5EACF88A-99EC-49FD-955A-25B2BC8CC9EB}"
EndProject
Project("{E53339B2-1760-4266-BCC7-CA923CBCF16C}") = "docker-compose", "docker-compose.dcproj", "{707F2023-6A5B-43BB-8681-E57AED0DE345}"
EndProject
Global
	GlobalSection(SolutionConfigurationPlatforms) = preSolution
		Debug|Any CPU = Debug|Any CPU
		Release|Any CPU = Release|Any CPU
	EndGlobalSection
	GlobalSection(ProjectConfigurationPlatforms) = postSolution
		{5EACF88A-99EC-49FD-955A-25B2BC8CC9EB}.Debug|Any CPU.ActiveCfg = Debug|Any CPU
		{5EACF88A-99EC-49FD-955A-25B2BC8CC9EB}.Debug|Any CPU.Build.0 = Debug|Any CPU
		{5EACF88A-99EC-49FD-955A-25B2BC8CC9EB}.Release|Any CPU.ActiveCfg = Release|Any CPU
		{5EACF88A-99EC-49FD-955A-25B2BC8CC9EB}.Release|Any CPU.Build.0 = Release|Any CPU
		{707F2023-6A5B-43BB-8681-E57AED0DE345}.Debug|Any CPU.ActiveCfg = Debug|Any CPU
		{707F2023-6A5B-43BB-8681-E57AED0DE345}.Debug|Any CPU.Build.0 = Debug|Any CPU
		{707F2023-6A5B-43BB-8681-E57AED0DE345}.Release|Any CPU.ActiveCfg = Release|Any CPU
		{707F2023-6A5B-43BB-8681-E57AED0DE345}.Release|Any CPU.Build.0 = Release|Any CPU
	EndGlobalSection
	GlobalSection(SolutionProperties) = preSolution
		HideSolutionNode = FALSE
	EndGlobalSection
	GlobalSection(ExtensibilityGlobals) = postSolution
		SolutionGuid = {99875ECA-D580-4EDC-85E8-183D8F28922C}
	EndGlobalSection
EndGlobal
